{
  "lockfile_version": "1",
  "packages": {
    "bws@2.1.0": {
      "last_modified": "2026-08-27T07:16:00Z",
      "resolved": "github:NixOS/nixpkgs/c27cdad491a991b11ed731760aa2ef8db0cb0410#bws",
      "source": "devbox-search",
      "version": "2.1.0",
      "systems": {
        "aarch64-darwin": {
          "outputs": [
            {
              "name": "out",
              "path": "/nix/store/a7s0h0adhbw8174kmngsxgnzsymm5n0c-bws-2.1.0",
              "default": true
            }
          ],
          "store_path": "/nix/store/a7s0h0adhbw8174kmngsxgnzsymm5n0c-bws-2.1.0"
        },
        "aarch64-linux": {
          "outputs": [
            {
              "name": "out",
              "path": "/nix/store/x1yqx8rxq0qfr1rzdwirfxz4fibdqa6q-bws-2.1.0",
              "default": true
            }
          ],
          "store_path": "/nix/store/x1yqx8rxq0qfr1rzdwirfxz4fibdqa6q-bws-2.1.0"
        },
        "x86_64-darwin": {
          "outputs": [
            {
              "name": "out",
              "path": "/nix/store/qh9qkhd4ln1h5pgdhxijhf971m4s4nhs-bws-2.1.0",
              "default": true
            }
          ],
          "store_path": "/nix/store/qh9qkhd4ln1h5pgdhxijhf971m4s4nhs-bws-2.1.0"
        },
        "x86_64-linux": {
          "outputs": [
            {
              "name": "out",
              "path": "/nix/store/x30i0brzbxsnr2shnxzjlgadqb9hyk9g-bws-2.1.0",
              "default": true
            }
          ],
          "store_path": "/nix/store/x30i0brzbxsnr2shnxzjlgadqb9hyk9g-bws-2.1.0"
        }
      }
    },
    "caddy@2.11.4": {
      "last_modified": "2026-08-27T07:16:00Z",
      "plugin_version": "0.0.3",
      "resolved": "github:NixOS/nixpkgs/c27cdad491a991b11ed731760aa2ef8db0cb0410#caddy",
      "source": "devbox-search",
      "version": "2.11.4",
      "systems": {
        "aarch64-darwin": {
          "outputs": [
            {
              "name": "out",
              "path": "/nix/store/ak27l1xxpmzcgii88p9480qmhh1hrqnm-caddy-2.11.4",
              "default": true
            }
          ],
          "store_path": "/nix/store/ak27l1xxpmzcgii88p9480qmhh1hrqnm-caddy-2.11.4"
        },
        "aarch64-linux": {
          "outputs": [
            {
              "name": "out",
              "path": "/nix/store/r2sqdbgkfp2vmnmg4kx0vv1pi9qgbwh8-caddy-2.11.4",
              "default": true
            }
          ],
          "store_path": "/nix/store/r2sqdbgkfp2vmnmg4kx0vv1pi9qgbwh8-caddy-2.11.4"
        },
        "x86_64-darwin": {
          "outputs": [
            {
              "name": "out",
              "path": "/nix/store/z6sf69cq0v95vm3271bw487iq2fd8rfg-caddy-2.11.4",
              "default": true
            }
          ],
          "store_path": "/nix/store/z6sf69cq0v95vm3271bw487iq2fd8rfg-caddy-2.11.4"
        },
        "x86_64-linux": {
          "outputs": [
            {
              "name": "out",
              "path": "/nix/store/9v0131sch36inqjr4qsl7swa9385xjmq-caddy-2.11.4",
              "default": true
            }
          ],
          "store_path": "/nix/store/9v0131sch36inqjr4qsl7swa9385xjmq-caddy-2.11.4"
        }
      }
    },
    "fluxcd@2.9.4": {
      "last_modified": "2026-08-27T07:16:00Z",
      "resolved": "github:NixOS/nixpkgs/c27cdad491a991b11ed731760aa2ef8db0cb0410#fluxcd",
      "source": "devbox-search",
      "version": "2.9.4",
      "systems": {
        "aarch64-darwin": {
          "outputs": [
            {
              "name": "out",
              "path": "/nix/store/z794fv8ah0big8icb5mzlawjz5x1m920-fluxcd-2.9.4",
              "default": true
            }
          ],
          "store_path": "/nix/store/z794fv8ah0big8icb5mzlawjz5x1m920-fluxcd-2.9.4"
        },
        "aarch64-linux": {
          "outputs": [
            {
              "name": "out",
              "path": "/nix/store/f15035db8j3rxpm8ccv2ndcyj4rq2a4y-fluxcd-2.9.4",
              "default": true
            }
          ],
          "store_path": "/nix/store/f15035db8j3rxpm8ccv2ndcyj4rq2a4y-fluxcd-2.9.4"
        },
        "x86_64-linux": {
          "outputs": [
            {
              "name": "out",
              "path": "/nix/store/pl4bhvkmlin9rq607yy7n401sbs48vgd-fluxcd-2.9.4",
              "default": true
            }
          ],
          "store_path": "/nix/store/pl4bhvkmlin9rq607yy7n401sbs48vgd-fluxcd-2.9.4"
        }
      }
    },
    "github:NixOS/nixpkgs/nixpkgs-unstable": {
      "last_modified": "2026-08-22T02:12:10Z",
      "resolved": "github:NixOS/nixpkgs/a831408e6378bc02ebf8cc09b52c96ca86f6bab4?lastModified=1787364730"
    },
    "gitleaks@8.30.1": {
      "last_modified": "2026-08-27T07:16:00Z",
      "resolved": "github:NixOS/nixpkgs/c27cdad491a991b11ed731760aa2ef8db0cb0410#gitleaks",
      "source": "devbox-search",
      "version": "8.30.1",
      "systems": {
        "aarch64-darwin": {
          "outputs": [
            {
              "name": "out",
              "path": "/nix/store/va2rvnpijbkwfnf1kf1l14b17vv7y64s-gitleaks-8.30.1",
              "default": true
            }
          ],
          "store_path": "/nix/store/va2rvnpijbkwfnf1kf1l14b17vv7y64s-gitleaks-8.30.1"
        },
        "aarch64-linux": {
          "outputs": [
            {
              "name": "out",
              "path": "/nix/store/p2qqb151lvf86rv6k2mjw2vyrk50qpc7-gitleaks-8.30.1",
              "default": true
            }
          ],
          "store_path": "/nix/store/p2qqb151lvf86rv6k2mjw2vyrk50qpc7-gitleaks-8.30.1"
        },
        "x86_64-darwin": {
          "outputs": [
            {
              "name": "out",
              "path": "/nix/store/v5x4dkl13y4nxhcaq4xmrwkidy44gv9p-gitleaks-8.30.1",
              "default": true
            }
          ],
          "store_path": "/nix/store/v5x4dkl13y4nxhcaq4xmrwkidy44gv9p-gitleaks-8.30.1"
        },
        "x86_64-linux": {
          "outputs": [
            {
              "name": "out",
              "path": "/nix/store/jyv71l8qlgpkh9z5q97fwb4f5bpkgc53-gitleaks-8.30.1",
              "default": true
            }
          ],
          "store_path": "/nix/store/jyv71l8qlgpkh9z5q97fwb4f5bpkgc53-gitleaks-8.30.1"
        }
      }
    },
    "k3sup@0.13.12": {
      "last_modified": "2026-08-27T07:16:00Z",
      "resolved": "github:NixOS/nixpkgs/c27cdad491a991b11ed731760aa2ef8db0cb0410#k3sup",
      "source": "devbox-search",
      "version": "0.13.12",
      "systems": {
        "aarch64-darwin": {
          "outputs": [
            {
              "name": "out",
              "path": "/nix/store/rynpqsim07l2mb5fx7b2klpsmjy99hi3-k3sup-0.13.12",
              "default": true
            }
          ],
          "store_path": "/nix/store/rynpqsim07l2mb5fx7b2klpsmjy99hi3-k3sup-0.13.12"
        },
        "aarch64-linux": {
          "outputs": [
            {
              "name": "out",
              "path": "/nix/store/l3435sv6vbk5amb25fn0174hlrma38j6-k3sup-0.13.12",
              "default": true
            }
          ],
          "store_path": "/nix/store/l3435sv6vbk5amb25fn0174hlrma38j6-k3sup-0.13.12"
        },
        "x86_64-darwin": {
          "outputs": [
            {
              "name": "out",
              "path": "/nix/store/gqgmxmfaqs9dcnx1cnysx9awdxaivjg6-k3sup-0.13.12",
              "default": true
            }
          ],
          "store_path": "/nix/store/gqgmxmfaqs9dcnx1cnysx9awdxaivjg6-k3sup-0.13.12"
        },
        "x86_64-linux": {
          "outputs": [
            {
              "name": "out",
              "path": "/nix/store/z4a3xrdpizlb78595lbm0yh6rflsigh0-k3sup-0.13.12",
              "default": true
            }
          ],
          "store_path": "/nix/store/z4a3xrdpizlb78595lbm0yh6rflsigh0-k3sup-0.13.12"
        }
      }
    },
    "k9s@0.51.0": {
      "last_modified": "2026-08-27T07:16:00Z",
      "resolved": "github:NixOS/nixpkgs/c27cdad491a991b11ed731760aa2ef8db0cb0410#k9s",
      "source": "devbox-search",
      "version": "0.51.0",
      "systems": {
        "aarch64-darwin": {
          "outputs": [
            {
              "name": "out",
              "path": "/nix/store/s5djwfccraagv2s90hjbjjl7p58a9yn5-k9s-0.51.0",
              "default": true
            }
          ],
          "store_path": "/nix/store/s5djwfccraagv2s90hjbjjl7p58a9yn5-k9s-0.51.0"
        },
        "aarch64-linux": {
          "outputs": [
            {
              "name": "out",
              "path": "/nix/store/6mgqv0i5qvxbdnl3a4fmr30cjvfvdasx-k9s-0.51.0",
              "default": true
            }
          ],
          "store_path": "/nix/store/6mgqv0i5qvxbdnl3a4fmr30cjvfvdasx-k9s-0.51.0"
        },
        "x86_64-darwin": {
          "outputs": [
            {
              "name": "out",
              "path": "/nix/store/b8x9cy329sqgznfv0im37nddbsphjx2m-k9s-0.51.0",
              "default": true
            }
          ],
          "store_path": "/nix/store/b8x9cy329sqgznfv0im37nddbsphjx2m-k9s-0.51.0"
        },
        "x86_64-linux": {
          "outputs": [
            {
              "name": "out",
              "path": "/nix/store/4y38k56lxqb7qfkiv02l6njl48pgrns1-k9s-0.51.0",
              "default": true
            }
          ],
          "store_path": "/nix/store/4y38k56lxqb7qfkiv02l6njl48pgrns1-k9s-0.51.0"
        }
      }
    },
    "kubectl@1.36.3": {
      "last_modified": "2026-08-27T07:16:00Z",
      "resolved": "github:NixOS/nixpkgs/c27cdad491a991b11ed731760aa2ef8db0cb0410#kubectl",
      "source": "devbox-search",
      "version": "1.36.3",
      "systems": {
        "aarch64-darwin": {
          "outputs": [
            {
              "name": "out",
              "path": "/nix/store/4ly3f60sf2y8lx4ad4nlv4d4xzm49cai-kubectl-1.36.3",
              "default": true
            },
            {
              "name": "man",
              "path": "/nix/store/j4lcjil024kv6xli1y03whn4rv1x1ifv-kubectl-1.36.3-man",
              "default": true
            },
            {
              "name": "convert",
              "path": "/nix/store/rq7cbnikbk7khmqczsglknfhfgykwkbf-kubectl-1.36.3-convert"
            }
          ],
          "store_path": "/nix/store/4ly3f60sf2y8lx4ad4nlv4d4xzm49cai-kubectl-1.36.3"
        },
        "aarch64-linux": {
          "outputs": [
            {
              "name": "out",
              "path": "/nix/store/pxr2n9hcw5r5c9pbyqhangbwvc3yv8yw-kubectl-1.36.3",
              "default": true
            },
            {
              "name": "man",
              "path": "/nix/store/n9ya3i139xw7jcb3x44b1lmwswilfwxk-kubectl-1.36.3-man",
              "default": true
            },
            {
              "name": "convert",
              "path": "/nix/store/6xj3wx8zkh4nj0dfg14v6cmbpaxqrzz7-kubectl-1.36.3-convert"
            }
          ],
          "store_path": "/nix/store/pxr2n9hcw5r5c9pbyqhangbwvc3yv8yw-kubectl-1.36.3"
        },
        "x86_64-linux": {
          "outputs": [
            {
              "name": "out",
              "path": "/nix/store/s28gqkd497rb4bvm56w72jyarqgmhlzz-kubectl-1.36.3",
              "default": true
            },
            {
              "name": "man",
              "path": "/nix/store/kxhnlzm663cpz4pbd7wkq4n73578ak4z-kubectl-1.36.3-man",
              "default": true
            },
            {
              "name": "convert",
              "path": "/nix/store/szx0vjljdh6rp8nxwdnpkz7g4fvvnk9h-kubectl-1.36.3-convert"
            }
          ],
          "store_path": "/nix/store/s28gqkd497rb4bvm56w72jyarqgmhlzz-kubectl-1.36.3"
        }
      }
    },
    "sops@3.13.3": {
      "last_modified": "2026-08-27T07:16:00Z",
      "resolved": "github:NixOS/nixpkgs/c27cdad491a991b11ed731760aa2ef8db0cb0410#sops",
      "source": "devbox-search",
      "version": "3.13.3",
      "systems": {
        "aarch64-darwin": {
          "outputs": [
            {
              "name": "out",
              "path": "/nix/store/6a208hbv8padw8731r88c9hr3cyda6pq-sops-3.13.3",
              "default": true
            }
          ],
          "store_path": "/nix/store/6a208hbv8padw8731r88c9hr3cyda6pq-sops-3.13.3"
        },
        "aarch64-linux": {
          "outputs": [
            {
              "name": "out",
              "path": "/nix/store/p41fwvk4zxq3fpgmncggp8zq7ihd96mm-sops-3.13.3",
              "default": true
            }
          ],
          "store_path": "/nix/store/p41fwvk4zxq3fpgmncggp8zq7ihd96mm-sops-3.13.3"
        },
        "x86_64-linux": {
          "outputs": [
            {
              "name": "out",
              "path": "/nix/store/9vlk37b1fgklzwl5bl9xb2dk8sn947ih-sops-3.13.3",
              "default": true
            }
          ],
          "store_path": "/nix/store/9vlk37b1fgklzwl5bl9xb2dk8sn947ih-sops-3.13.3"
        }
      }
    },
    "yamllint@1.37.1": {
      "last_modified": "2026-08-27T07:16:00Z",
      "resolved": "github:NixOS/nixpkgs/c27cdad491a991b11ed731760aa2ef8db0cb0410#yamllint",
      "source": "devbox-search",
      "version": "1.37.1",
      "systems": {
        "aarch64-darwin": {
          "outputs": [
            {
              "name": "out",
              "path": "/nix/store/f36awlm0ddvvvhb0sc17866fwqc22nzs-python3.14-yamllint-1.37.1",
              "default": true
            },
            {
              "name": "dist",
              "path": "/nix/store/irbfvpps45945xnwvx56gwhg9r415ziq-python3.14-yamllint-1.37.1-dist"
            }
          ],
          "store_path": "/nix/store/f36awlm0ddvvvhb0sc17866fwqc22nzs-python3.14-yamllint-1.37.1"
        },
        "aarch64-linux": {
          "outputs": [
            {
              "name": "out",
              "path": "/nix/store/pf4f0ckn1kmlzys4xx02i0khr3piwby4-python3.14-yamllint-1.37.1",
              "default": true
            },
            {
              "name": "dist",
              "path": "/nix/store/vwcv00y1sxx2v81cydsxx0jqk71y8jng-python3.14-yamllint-1.37.1-dist"
            }
          ],
          "store_path": "/nix/store/pf4f0ckn1kmlzys4xx02i0khr3piwby4-python3.14-yamllint-1.37.1"
        },
        "x86_64-darwin": {
          "outputs": [
            {
              "name": "out",
              "path": "/nix/store/bif9hvk42ynby7sdw88lax0j51kzlr2n-python3.13-yamllint-1.37.1",
              "default": true
            },
            {
              "name": "dist",
              "path": "/nix/store/qa1dq7xly19afgn165nf6572b3q61w1s-python3.13-yamllint-1.37.1-dist"
            }
          ],
          "store_path": "/nix/store/bif9hvk42ynby7sdw88lax0j51kzlr2n-python3.13-yamllint-1.37.1"
        },
        "x86_64-linux": {
          "outputs": [
            {
              "name": "out",
              "path": "/nix/store/jbhfmxfgpmnzf2b32i8cdiwlzir6nxw8-python3.14-yamllint-1.37.1",
              "default": true
            },
            {
              "name": "dist",
              "path": "/nix/store/734n3rgcg22kxg3vvjrsznh155y5nk3g-python3.14-yamllint-1.37.1-dist"
            }
          ],
          "store_path": "/nix/store/jbhfmxfgpmnzf2b32i8cdiwlzir6nxw8-python3.14-yamllint-1.37.1"
        }
      }
    }
  }
}
